// !$*UTF8*$!
{
	archiveVersion = 1;
	classes = {
	};
	objectVersion = 55;
	objects = {

/* Begin PBXBuildFile section */
		0E3C30922910A7D6007E0C3A /* Differentiator in Frameworks */ = {isa = PBXBuildFile; productRef = 0E3C30912910A7D6007E0C3A /* Differentiator */; };
		0E3C30942910A7D6007E0C3A /* RxDataSources in Frameworks */ = {isa = PBXBuildFile; productRef = 0E3C30932910A7D6007E0C3A /* RxDataSources */; };
		0E3C3096291104A8007E0C3A /* SubscribeViewModel.swift in Sources */ = {isa = PBXBuildFile; fileRef = 0E3C3095291104A8007E0C3A /* SubscribeViewModel.swift */; };
		0E75B53F2900CF9F00F40F7A /* CObservable.swift in Sources */ = {isa = PBXBuildFile; fileRef = 0E75B53E2900CF9F00F40F7A /* CObservable.swift */; };
		0E75B5412900D13A00F40F7A /* NewsViewController.swift in Sources */ = {isa = PBXBuildFile; fileRef = 0E75B5402900D13A00F40F7A /* NewsViewController.swift */; };
		0E75B5432900D25000F40F7A /* NewsViewModel.swift in Sources */ = {isa = PBXBuildFile; fileRef = 0E75B5422900D25000F40F7A /* NewsViewModel.swift */; };
		0E75B5452900D77F00F40F7A /* News.swift in Sources */ = {isa = PBXBuildFile; fileRef = 0E75B5442900D77F00F40F7A /* News.swift */; };
		0E75B5472900ED7700F40F7A /* DiffableViewModel.swift in Sources */ = {isa = PBXBuildFile; fileRef = 0E75B5462900ED7700F40F7A /* DiffableViewModel.swift */; };
		0E75B5492900EDEC00F40F7A /* APIService.swift in Sources */ = {isa = PBXBuildFile; fileRef = 0E75B5482900EDEC00F40F7A /* APIService.swift */; };
		0E75B54D2900EE5D00F40F7A /* APIKey.swift in Sources */ = {isa = PBXBuildFile; fileRef = 0E75B54C2900EE5D00F40F7A /* APIKey.swift */; };
		0E75B54F2900EF7500F40F7A /* SearchPhoto.swift in Sources */ = {isa = PBXBuildFile; fileRef = 0E75B54E2900EF7500F40F7A /* SearchPhoto.swift */; };
		0E75B5522900F10500F40F7A /* Alamofire in Frameworks */ = {isa = PBXBuildFile; productRef = 0E75B5512900F10500F40F7A /* Alamofire */; };
		0E75B5552900F12000F40F7A /* Kingfisher in Frameworks */ = {isa = PBXBuildFile; productRef = 0E75B5542900F12000F40F7A /* Kingfisher */; };
		0E7A942829077AAB00D094D4 /* SubjectViewcontroller.swift in Sources */ = {isa = PBXBuildFile; fileRef = 0E7A942729077AAB00D094D4 /* SubjectViewcontroller.swift */; };
		0E7A942A290788AE00D094D4 /* SubjectViewModel.swift in Sources */ = {isa = PBXBuildFile; fileRef = 0E7A9429290788AE00D094D4 /* SubjectViewModel.swift */; };
		0E7A942C2908CBEB00D094D4 /* SubscribeViewController.swift in Sources */ = {isa = PBXBuildFile; fileRef = 0E7A942B2908CBEB00D094D4 /* SubscribeViewController.swift */; };
		0EAF0EC428FE2DC200DD41EA /* AppDelegate.swift in Sources */ = {isa = PBXBuildFile; fileRef = 0EAF0EC328FE2DC200DD41EA /* AppDelegate.swift */; };
		0EAF0EC628FE2DC200DD41EA /* SceneDelegate.swift in Sources */ = {isa = PBXBuildFile; fileRef = 0EAF0EC528FE2DC200DD41EA /* SceneDelegate.swift */; };
		0EAF0EC828FE2DC200DD41EA /* SimpleTableViewController.swift in Sources */ = {isa = PBXBuildFile; fileRef = 0EAF0EC728FE2DC200DD41EA /* SimpleTableViewController.swift */; };
		0EAF0ECB28FE2DC200DD41EA /* Main.storyboard in Resources */ = {isa = PBXBuildFile; fileRef = 0EAF0EC928FE2DC200DD41EA /* Main.storyboard */; };
		0EAF0ECD28FE2DC400DD41EA /* Assets.xcassets in Resources */ = {isa = PBXBuildFile; fileRef = 0EAF0ECC28FE2DC400DD41EA /* Assets.xcassets */; };
		0EAF0ED028FE2DC400DD41EA /* LaunchScreen.storyboard in Resources */ = {isa = PBXBuildFile; fileRef = 0EAF0ECE28FE2DC400DD41EA /* LaunchScreen.storyboard */; };
		0EAF0ED828FE390B00DD41EA /* SimpleCollectionViewController.swift in Sources */ = {isa = PBXBuildFile; fileRef = 0EAF0ED728FE390B00DD41EA /* SimpleCollectionViewController.swift */; };
		0EAF0EF628FF90DA00DD41EA /* DiffableCollectionViewController.swift in Sources */ = {isa = PBXBuildFile; fileRef = 0EAF0EF528FF90DA00DD41EA /* DiffableCollectionViewController.swift */; };
		0EC7E6E5290622FF00DFE2DF /* RxCocoa in Frameworks */ = {isa = PBXBuildFile; productRef = 0EC7E6E4290622FF00DFE2DF /* RxCocoa */; };
		0EC7E6E7290622FF00DFE2DF /* RxSwift in Frameworks */ = {isa = PBXBuildFile; productRef = 0EC7E6E6290622FF00DFE2DF /* RxSwift */; };
		0EC7E6EA290625BA00DFE2DF /* RxCocoaExampleViewController.swift in Sources */ = {isa = PBXBuildFile; fileRef = 0EC7E6E9290625BA00DFE2DF /* RxCocoaExampleViewController.swift */; };
		0EF23DB0290A07B8003E533B /* ValidationViewController.swift in Sources */ = {isa = PBXBuildFile; fileRef = 0EF23DAF290A07B8003E533B /* ValidationViewController.swift */; };
		0EF23DB2290A22DE003E533B /* ValidationViewModel.swift in Sources */ = {isa = PBXBuildFile; fileRef = 0EF23DB1290A22DE003E533B /* ValidationViewModel.swift */; };
/* End PBXBuildFile section */

/* Begin PBXFileReference section */
		0E3C3095291104A8007E0C3A /* SubscribeViewModel.swift */ = {isa = PBXFileReference; lastKnownFileType = sourcecode.swift; path = SubscribeViewModel.swift; sourceTree = "<group>"; };
		0E75B53E2900CF9F00F40F7A /* CObservable.swift */ = {isa = PBXFileReference; lastKnownFileType = sourcecode.swift; path = CObservable.swift; sourceTree = "<group>"; };
		0E75B5402900D13A00F40F7A /* NewsViewController.swift */ = {isa = PBXFileReference; lastKnownFileType = sourcecode.swift; path = NewsViewController.swift; sourceTree = "<group>"; };
		0E75B5422900D25000F40F7A /* NewsViewModel.swift */ = {isa = PBXFileReference; lastKnownFileType = sourcecode.swift; path = NewsViewModel.swift; sourceTree = "<group>"; };
		0E75B5442900D77F00F40F7A /* News.swift */ = {isa = PBXFileReference; lastKnownFileType = sourcecode.swift; path = News.swift; sourceTree = "<group>"; };
		0E75B5462900ED7700F40F7A /* DiffableViewModel.swift */ = {isa = PBXFileReference; lastKnownFileType = sourcecode.swift; path = DiffableViewModel.swift; sourceTree = "<group>"; };
		0E75B5482900EDEC00F40F7A /* APIService.swift */ = {isa = PBXFileReference; lastKnownFileType = sourcecode.swift; path = APIService.swift; sourceTree = "<group>"; };
		0E75B54C2900EE5D00F40F7A /* APIKey.swift */ = {isa = PBXFileReference; lastKnownFileType = sourcecode.swift; path = APIKey.swift; sourceTree = "<group>"; };
		0E75B54E2900EF7500F40F7A /* SearchPhoto.swift */ = {isa = PBXFileReference; lastKnownFileType = sourcecode.swift; path = SearchPhoto.swift; sourceTree = "<group>"; };
		0E7A942729077AAB00D094D4 /* SubjectViewcontroller.swift */ = {isa = PBXFileReference; lastKnownFileType = sourcecode.swift; path = SubjectViewcontroller.swift; sourceTree = "<group>"; };
		0E7A9429290788AE00D094D4 /* SubjectViewModel.swift */ = {isa = PBXFileReference; lastKnownFileType = sourcecode.swift; path = SubjectViewModel.swift; sourceTree = "<group>"; };
		0E7A942B2908CBEB00D094D4 /* SubscribeViewController.swift */ = {isa = PBXFileReference; lastKnownFileType = sourcecode.swift; path = SubscribeViewController.swift; sourceTree = "<group>"; };
		0EAF0EC028FE2DC200DD41EA /* SeSAC2Week1617.app */ = {isa = PBXFileReference; explicitFileType = wrapper.application; includeInIndex = 0; path = SeSAC2Week1617.app; sourceTree = BUILT_PRODUCTS_DIR; };
		0EAF0EC328FE2DC200DD41EA /* AppDelegate.swift */ = {isa = PBXFileReference; lastKnownFileType = sourcecode.swift; path = AppDelegate.swift; sourceTree = "<group>"; };
		0EAF0EC528FE2DC200DD41EA /* SceneDelegate.swift */ = {isa = PBXFileReference; lastKnownFileType = sourcecode.swift; path = SceneDelegate.swift; sourceTree = "<group>"; };
		0EAF0EC728FE2DC200DD41EA /* SimpleTableViewController.swift */ = {isa = PBXFileReference; lastKnownFileType = sourcecode.swift; path = SimpleTableViewController.swift; sourceTree = "<group>"; };
		0EAF0ECA28FE2DC200DD41EA /* Base */ = {isa = PBXFileReference; lastKnownFileType = file.storyboard; name = Base; path = Base.lproj/Main.storyboard; sourceTree = "<group>"; };
		0EAF0ECC28FE2DC400DD41EA /* Assets.xcassets */ = {isa = PBXFileReference; lastKnownFileType = folder.assetcatalog; path = Assets.xcassets; sourceTree = "<group>"; };
		0EAF0ECF28FE2DC400DD41EA /* Base */ = {isa = PBXFileReference; lastKnownFileType = file.storyboard; name = Base; path = Base.lproj/LaunchScreen.storyboard; sourceTree = "<group>"; };
		0EAF0ED128FE2DC400DD41EA /* Info.plist */ = {isa = PBXFileReference; lastKnownFileType = text.plist.xml; path = Info.plist; sourceTree = "<group>"; };
		0EAF0ED728FE390B00DD41EA /* SimpleCollectionViewController.swift */ = {isa = PBXFileReference; lastKnownFileType = sourcecode.swift; path = SimpleCollectionViewController.swift; sourceTree = "<group>"; };
		0EAF0EF528FF90DA00DD41EA /* DiffableCollectionViewController.swift */ = {isa = PBXFileReference; lastKnownFileType = sourcecode.swift; path = DiffableCollectionViewController.swift; sourceTree = "<group>"; };
		0EC7E6E9290625BA00DFE2DF /* RxCocoaExampleViewController.swift */ = {isa = PBXFileReference; lastKnownFileType = sourcecode.swift; path = RxCocoaExampleViewController.swift; sourceTree = "<group>"; };
		0EF23DAF290A07B8003E533B /* ValidationViewController.swift */ = {isa = PBXFileReference; lastKnownFileType = sourcecode.swift; path = ValidationViewController.swift; sourceTree = "<group>"; };
		0EF23DB1290A22DE003E533B /* ValidationViewModel.swift */ = {isa = PBXFileReference; lastKnownFileType = sourcecode.swift; path = ValidationViewModel.swift; sourceTree = "<group>"; };
/* End PBXFileReference section */

/* Begin PBXFrameworksBuildPhase section */
		0EAF0EBD28FE2DC200DD41EA /* Frameworks */ = {
			isa = PBXFrameworksBuildPhase;
			buildActionMask = 2147483647;
			files = (
				0EC7E6E5290622FF00DFE2DF /* RxCocoa in Frameworks */,
				0E3C30922910A7D6007E0C3A /* Differentiator in Frameworks */,
				0E75B5552900F12000F40F7A /* Kingfisher in Frameworks */,
				0E3C30942910A7D6007E0C3A /* RxDataSources in Frameworks */,
				0EC7E6E7290622FF00DFE2DF /* RxSwift in Frameworks */,
				0E75B5522900F10500F40F7A /* Alamofire in Frameworks */,
			);
			runOnlyForDeploymentPostprocessing = 0;
		};
/* End PBXFrameworksBuildPhase section */

/* Begin PBXGroup section */
		0E75B53D2900CDB700F40F7A /* MVVMSample */ = {
			isa = PBXGroup;
			children = (
				0E75B53E2900CF9F00F40F7A /* CObservable.swift */,
				0E75B5402900D13A00F40F7A /* NewsViewController.swift */,
				0E75B5422900D25000F40F7A /* NewsViewModel.swift */,
				0E75B5442900D77F00F40F7A /* News.swift */,
			);
			path = MVVMSample;
			sourceTree = "<group>";
		};
		0E75B5562901B73000F40F7A /* Unsplash */ = {
			isa = PBXGroup;
			children = (
				0E75B54E2900EF7500F40F7A /* SearchPhoto.swift */,
				0EAF0EF528FF90DA00DD41EA /* DiffableCollectionViewController.swift */,
				0E75B5462900ED7700F40F7A /* DiffableViewModel.swift */,
				0E75B5482900EDEC00F40F7A /* APIService.swift */,
				0E75B54C2900EE5D00F40F7A /* APIKey.swift */,
			);
			path = Unsplash;
			sourceTree = "<group>";
		};
		0EAF0EB728FE2DC200DD41EA = {
			isa = PBXGroup;
			children = (
				0EAF0EC228FE2DC200DD41EA /* SeSAC2Week1617 */,
				0EAF0EC128FE2DC200DD41EA /* Products */,
			);
			sourceTree = "<group>";
		};
		0EAF0EC128FE2DC200DD41EA /* Products */ = {
			isa = PBXGroup;
			children = (
				0EAF0EC028FE2DC200DD41EA /* SeSAC2Week1617.app */,
			);
			name = Products;
			sourceTree = "<group>";
		};
		0EAF0EC228FE2DC200DD41EA /* SeSAC2Week1617 */ = {
			isa = PBXGroup;
			children = (
				0EAF0EC928FE2DC200DD41EA /* Main.storyboard */,
				0EAF0ECE28FE2DC400DD41EA /* LaunchScreen.storyboard */,
				0EAF0ECC28FE2DC400DD41EA /* Assets.xcassets */,
				0EAF0ED128FE2DC400DD41EA /* Info.plist */,
				0EAF0EC328FE2DC200DD41EA /* AppDelegate.swift */,
				0EAF0EC528FE2DC200DD41EA /* SceneDelegate.swift */,
				0EAF0EC728FE2DC200DD41EA /* SimpleTableViewController.swift */,
				0EAF0ED728FE390B00DD41EA /* SimpleCollectionViewController.swift */,
				0EC7E6E82906259900DFE2DF /* Rx */,
				0E75B53D2900CDB700F40F7A /* MVVMSample */,
				0E75B5562901B73000F40F7A /* Unsplash */,
				0E7A942B2908CBEB00D094D4 /* SubscribeViewController.swift */,
				0E3C3095291104A8007E0C3A /* SubscribeViewModel.swift */,
			);
			path = SeSAC2Week1617;
			sourceTree = "<group>";
		};
		0EC7E6E82906259900DFE2DF /* Rx */ = {
			isa = PBXGroup;
			children = (
				0EC7E6E9290625BA00DFE2DF /* RxCocoaExampleViewController.swift */,
				0E7A942729077AAB00D094D4 /* SubjectViewcontroller.swift */,
				0E7A9429290788AE00D094D4 /* SubjectViewModel.swift */,
				0EF23DAF290A07B8003E533B /* ValidationViewController.swift */,
				0EF23DB1290A22DE003E533B /* ValidationViewModel.swift */,
			);
			path = Rx;
			sourceTree = "<group>";
		};
/* End PBXGroup section */

/* Begin PBXNativeTarget section */
		0EAF0EBF28FE2DC200DD41EA /* SeSAC2Week1617 */ = {
			isa = PBXNativeTarget;
			buildConfigurationList = 0EAF0ED428FE2DC400DD41EA /* Build configuration list for PBXNativeTarget "SeSAC2Week1617" */;
			buildPhases = (
				0EAF0EBC28FE2DC200DD41EA /* Sources */,
				0EAF0EBD28FE2DC200DD41EA /* Frameworks */,
				0EAF0EBE28FE2DC200DD41EA /* Resources */,
			);
			buildRules = (
			);
			dependencies = (
			);
			name = SeSAC2Week1617;
			packageProductDependencies = (
				0E75B5512900F10500F40F7A /* Alamofire */,
				0E75B5542900F12000F40F7A /* Kingfisher */,
				0EC7E6E4290622FF00DFE2DF /* RxCocoa */,
				0EC7E6E6290622FF00DFE2DF /* RxSwift */,
				0E3C30912910A7D6007E0C3A /* Differentiator */,
				0E3C30932910A7D6007E0C3A /* RxDataSources */,
			);
			productName = SeSAC2Week1617;
			productReference = 0EAF0EC028FE2DC200DD41EA /* SeSAC2Week1617.app */;
			productType = "com.apple.product-type.application";
		};
/* End PBXNativeTarget section */

/* Begin PBXProject section */
		0EAF0EB828FE2DC200DD41EA /* Project object */ = {
			isa = PBXProject;
			attributes = {
				BuildIndependentTargetsInParallel = 1;
				LastSwiftUpdateCheck = 1400;
				LastUpgradeCheck = 1400;
				TargetAttributes = {
					0EAF0EBF28FE2DC200DD41EA = {
						CreatedOnToolsVersion = 14.0.1;
					};
				};
			};
			buildConfigurationList = 0EAF0EBB28FE2DC200DD41EA /* Build configuration list for PBXProject "SeSAC2Week1617" */;
			compatibilityVersion = "Xcode 13.0";
			developmentRegion = en;
			hasScannedForEncodings = 0;
			knownRegions = (
				en,
				Base,
			);
			mainGroup = 0EAF0EB728FE2DC200DD41EA;
			packageReferences = (
				0E75B5502900F10500F40F7A /* XCRemoteSwiftPackageReference "Alamofire" */,
				0E75B5532900F12000F40F7A /* XCRemoteSwiftPackageReference "Kingfisher" */,
				0EC7E6E3290622FF00DFE2DF /* XCRemoteSwiftPackageReference "RxSwift" */,
				0E3C30902910A7D6007E0C3A /* XCRemoteSwiftPackageReference "RxDataSources" */,
			);
			productRefGroup = 0EAF0EC128FE2DC200DD41EA /* Products */;
			projectDirPath = "";
			projectRoot = "";
			targets = (
				0EAF0EBF28FE2DC200DD41EA /* SeSAC2Week1617 */,
			);
		};
/* End PBXProject section */

/* Begin PBXResourcesBuildPhase section */
		0EAF0EBE28FE2DC200DD41EA /* Resources */ = {
			isa = PBXResourcesBuildPhase;
			buildActionMask = 2147483647;
			files = (
				0EAF0ED028FE2DC400DD41EA /* LaunchScreen.storyboard in Resources */,
				0EAF0ECD28FE2DC400DD41EA /* Assets.xcassets in Resources */,
				0EAF0ECB28FE2DC200DD41EA /* Main.storyboard in Resources */,
			);
			runOnlyForDeploymentPostprocessing = 0;
		};
/* End PBXResourcesBuildPhase section */

/* Begin PBXSourcesBuildPhase section */
		0EAF0EBC28FE2DC200DD41EA /* Sources */ = {
			isa = PBXSourcesBuildPhase;
			buildActionMask = 2147483647;
			files = (
				0E7A942C2908CBEB00D094D4 /* SubscribeViewController.swift in Sources */,
				0EF23DB0290A07B8003E533B /* ValidationViewController.swift in Sources */,
				0E75B53F2900CF9F00F40F7A /* CObservable.swift in Sources */,
				0EF23DB2290A22DE003E533B /* ValidationViewModel.swift in Sources */,
				0EAF0EF628FF90DA00DD41EA /* DiffableCollectionViewController.swift in Sources */,
				0EAF0ED828FE390B00DD41EA /* SimpleCollectionViewController.swift in Sources */,
				0E75B5452900D77F00F40F7A /* News.swift in Sources */,
				0E75B5492900EDEC00F40F7A /* APIService.swift in Sources */,
				0EAF0EC828FE2DC200DD41EA /* SimpleTableViewController.swift in Sources */,
				0E75B5412900D13A00F40F7A /* NewsViewController.swift in Sources */,
				0EAF0EC428FE2DC200DD41EA /* AppDelegate.swift in Sources */,
				0E75B54F2900EF7500F40F7A /* SearchPhoto.swift in Sources */,
				0EAF0EC628FE2DC200DD41EA /* SceneDelegate.swift in Sources */,
				0E3C3096291104A8007E0C3A /* SubscribeViewModel.swift in Sources */,
				0E75B5432900D25000F40F7A /* NewsViewModel.swift in Sources */,
				0E75B54D2900EE5D00F40F7A /* APIKey.swift in Sources */,
				0E7A942829077AAB00D094D4 /* SubjectViewcontroller.swift in Sources */,
				0E7A942A290788AE00D094D4 /* SubjectViewModel.swift in Sources */,
				0E75B5472900ED7700F40F7A /* DiffableViewModel.swift in Sources */,
				0EC7E6EA290625BA00DFE2DF /* RxCocoaExampleViewController.swift in Sources */,
			);
			runOnlyForDeploymentPostprocessing = 0;
		};
/* End PBXSourcesBuildPhase section */

/* Begin PBXVariantGroup section */
		0EAF0EC928FE2DC200DD41EA /* Main.storyboard */ = {
			isa = PBXVariantGroup;
			children = (
				0EAF0ECA28FE2DC200DD41EA /* Base */,
			);
			name = Main.storyboard;
			sourceTree = "<group>";
		};
		0EAF0ECE28FE2DC400DD41EA /* LaunchScreen.storyboard */ = {
			isa = PBXVariantGroup;
			children = (
				0EAF0ECF28FE2DC400DD41EA /* Base */,
			);
			name = LaunchScreen.storyboard;
			sourceTree = "<group>";
		};
/* End PBXVariantGroup section */

/* Begin XCBuildConfiguration section */
		0EAF0ED228FE2DC400DD41EA /* Debug */ = {
			isa = XCBuildConfiguration;
			buildSettings = {
				ALWAYS_SEARCH_USER_PATHS = NO;
				CLANG_ANALYZER_NONNULL = YES;
				CLANG_ANALYZER_NUMBER_OBJECT_CONVERSION = YES_AGGRESSIVE;
				CLANG_CXX_LANGUAGE_STANDARD = "gnu++20";
				CLANG_ENABLE_MODULES = YES;
				CLANG_ENABLE_OBJC_ARC = YES;
				CLANG_ENABLE_OBJC_WEAK = YES;
				CLANG_WARN_BLOCK_CAPTURE_AUTORELEASING = YES;
				CLANG_WARN_BOOL_CONVERSION = YES;
				CLANG_WARN_COMMA = YES;
				CLANG_WARN_CONSTANT_CONVERSION = YES;
				CLANG_WARN_DEPRECATED_OBJC_IMPLEMENTATIONS = YES;
				CLANG_WARN_DIRECT_OBJC_ISA_USAGE = YES_ERROR;
				CLANG_WARN_DOCUMENTATION_COMMENTS = YES;
				CLANG_WARN_EMPTY_BODY = YES;
				CLANG_WARN_ENUM_CONVERSION = YES;
				CLANG_WARN_INFINITE_RECURSION = YES;
				CLANG_WARN_INT_CONVERSION = YES;
				CLANG_WARN_NON_LITERAL_NULL_CONVERSION = YES;
				CLANG_WARN_OBJC_IMPLICIT_RETAIN_SELF = YES;
				CLANG_WARN_OBJC_LITERAL_CONVERSION = YES;
				CLANG_WARN_OBJC_ROOT_CLASS = YES_ERROR;
				CLANG_WARN_QUOTED_INCLUDE_IN_FRAMEWORK_HEADER = YES;
				CLANG_WARN_RANGE_LOOP_ANALYSIS = YES;
				CLANG_WARN_STRICT_PROTOTYPES = YES;
				CLANG_WARN_SUSPICIOUS_MOVE = YES;
				CLANG_WARN_UNGUARDED_AVAILABILITY = YES_AGGRESSIVE;
				CLANG_WARN_UNREACHABLE_CODE = YES;
				CLANG_WARN__DUPLICATE_METHOD_MATCH = YES;
				COPY_PHASE_STRIP = NO;
				DEBUG_INFORMATION_FORMAT = dwarf;
				ENABLE_STRICT_OBJC_MSGSEND = YES;
				ENABLE_TESTABILITY = YES;
				GCC_C_LANGUAGE_STANDARD = gnu11;
				GCC_DYNAMIC_NO_PIC = NO;
				GCC_NO_COMMON_BLOCKS = YES;
				GCC_OPTIMIZATION_LEVEL = 0;
				GCC_PREPROCESSOR_DEFINITIONS = (
					"DEBUG=1",
					"$(inherited)",
				);
				GCC_WARN_64_TO_32_BIT_CONVERSION = YES;
				GCC_WARN_ABOUT_RETURN_TYPE = YES_ERROR;
				GCC_WARN_UNDECLARED_SELECTOR = YES;
				GCC_WARN_UNINITIALIZED_AUTOS = YES_AGGRESSIVE;
				GCC_WARN_UNUSED_FUNCTION = YES;
				GCC_WARN_UNUSED_VARIABLE = YES;
				IPHONEOS_DEPLOYMENT_TARGET = 15.0;
				MTL_ENABLE_DEBUG_INFO = INCLUDE_SOURCE;
				MTL_FAST_MATH = YES;
				ONLY_ACTIVE_ARCH = YES;
				SDKROOT = iphoneos;
				SWIFT_ACTIVE_COMPILATION_CONDITIONS = DEBUG;
				SWIFT_OPTIMIZATION_LEVEL = "-Onone";
			};
			name = Debug;
		};
		0EAF0ED328FE2DC400DD41EA /* Release */ = {
			isa = XCBuildConfiguration;
			buildSettings = {
				ALWAYS_SEARCH_USER_PATHS = NO;
				CLANG_ANALYZER_NONNULL = YES;
				CLANG_ANALYZER_NUMBER_OBJECT_CONVERSION = YES_AGGRESSIVE;
				CLANG_CXX_LANGUAGE_STANDARD = "gnu++20";
				CLANG_ENABLE_MODULES = YES;
				CLANG_ENABLE_OBJC_ARC = YES;
				CLANG_ENABLE_OBJC_WEAK = YES;
				CLANG_WARN_BLOCK_CAPTURE_AUTORELEASING = YES;
				CLANG_WARN_BOOL_CONVERSION = YES;
				CLANG_WARN_COMMA = YES;
				CLANG_WARN_CONSTANT_CONVERSION = YES;
				CLANG_WARN_DEPRECATED_OBJC_IMPLEMENTATIONS = YES;
				CLANG_WARN_DIRECT_OBJC_ISA_USAGE = YES_ERROR;
				CLANG_WARN_DOCUMENTATION_COMMENTS = YES;
				CLANG_WARN_EMPTY_BODY = YES;
				CLANG_WARN_ENUM_CONVERSION = YES;
				CLANG_WARN_INFINITE_RECURSION = YES;
				CLANG_WARN_INT_CONVERSION = YES;
				CLANG_WARN_NON_LITERAL_NULL_CONVERSION = YES;
				CLANG_WARN_OBJC_IMPLICIT_RETAIN_SELF = YES;
				CLANG_WARN_OBJC_LITERAL_CONVERSION = YES;
				CLANG_WARN_OBJC_ROOT_CLASS = YES_ERROR;
				CLANG_WARN_QUOTED_INCLUDE_IN_FRAMEWORK_HEADER = YES;
				CLANG_WARN_RANGE_LOOP_ANALYSIS = YES;
				CLANG_WARN_STRICT_PROTOTYPES = YES;
				CLANG_WARN_SUSPICIOUS_MOVE = YES;
				CLANG_WARN_UNGUARDED_AVAILABILITY = YES_AGGRESSIVE;
				CLANG_WARN_UNREACHABLE_CODE = YES;
				CLANG_WARN__DUPLICATE_METHOD_MATCH = YES;
				COPY_PHASE_STRIP = NO;
				DEBUG_INFORMATION_FORMAT = "dwarf-with-dsym";
				ENABLE_NS_ASSERTIONS = NO;
				ENABLE_STRICT_OBJC_MSGSEND = YES;
				GCC_C_LANGUAGE_STANDARD = gnu11;
				GCC_NO_COMMON_BLOCKS = YES;
				GCC_WARN_64_TO_32_BIT_CONVERSION = YES;
				GCC_WARN_ABOUT_RETURN_TYPE = YES_ERROR;
				GCC_WARN_UNDECLARED_SELECTOR = YES;
				GCC_WARN_UNINITIALIZED_AUTOS = YES_AGGRESSIVE;
				GCC_WARN_UNUSED_FUNCTION = YES;
				GCC_WARN_UNUSED_VARIABLE = YES;
				IPHONEOS_DEPLOYMENT_TARGET = 15.0;
				MTL_ENABLE_DEBUG_INFO = NO;
				MTL_FAST_MATH = YES;
				SDKROOT = iphoneos;
				SWIFT_COMPILATION_MODE = wholemodule;
				SWIFT_OPTIMIZATION_LEVEL = "-O";
				VALIDATE_PRODUCT = YES;
			};
			name = Release;
		};
		0EAF0ED528FE2DC400DD41EA /* Debug */ = {
			isa = XCBuildConfiguration;
			buildSettings = {
				ASSETCATALOG_COMPILER_APPICON_NAME = AppIcon;
				ASSETCATALOG_COMPILER_GLOBAL_ACCENT_COLOR_NAME = AccentColor;
				CODE_SIGN_STYLE = Automatic;
				CURRENT_PROJECT_VERSION = 1;
				DEVELOPMENT_TEAM = U8U4L6FXAF;
				EXCLUDED_ARCHS = arm64;
				GENERATE_INFOPLIST_FILE = YES;
				INFOPLIST_FILE = SeSAC2Week1617/Info.plist;
				INFOPLIST_KEY_UIApplicationSupportsIndirectInputEvents = YES;
				INFOPLIST_KEY_UILaunchStoryboardName = LaunchScreen;
				INFOPLIST_KEY_UIMainStoryboardFile = Main;
				INFOPLIST_KEY_UISupportedInterfaceOrientations_iPad = "UIInterfaceOrientationPortrait UIInterfaceOrientationPortraitUpsideDown UIInterfaceOrientationLandscapeLeft UIInterfaceOrientationLandscapeRight";
				INFOPLIST_KEY_UISupportedInterfaceOrientations_iPhone = "UIInterfaceOrientationPortrait UIInterfaceOrientationLandscapeLeft UIInterfaceOrientationLandscapeRight";
				LD_RUNPATH_SEARCH_PATHS = (
					"$(inherited)",
					"@executable_path/Frameworks",
				);
				MARKETING_VERSION = 1.0;
				PRODUCT_BUNDLE_IDENTIFIER = net.mhkang.SeSAC2Week1617;
				PRODUCT_NAME = "$(TARGET_NAME)";
				SWIFT_EMIT_LOC_STRINGS = YES;
				SWIFT_VERSION = 5.0;
				TARGETED_DEVICE_FAMILY = "1,2";
			};
			name = Debug;
		};
		0EAF0ED628FE2DC400DD41EA /* Release */ = {
			isa = XCBuildConfiguration;
			buildSettings = {
				ASSETCATALOG_COMPILER_APPICON_NAME = AppIcon;
				ASSETCATALOG_COMPILER_GLOBAL_ACCENT_COLOR_NAME = AccentColor;
				CODE_SIGN_STYLE = Automatic;
				CURRENT_PROJECT_VERSION = 1;
				DEVELOPMENT_TEAM = U8U4L6FXAF;
				EXCLUDED_ARCHS = arm64;
				GENERATE_INFOPLIST_FILE = YES;
				INFOPLIST_FILE = SeSAC2Week1617/Info.plist;
				INFOPLIST_KEY_UIApplicationSupportsIndirectInputEvents = YES;
				INFOPLIST_KEY_UILaunchStoryboardName = LaunchScreen;
				INFOPLIST_KEY_UIMainStoryboardFile = Main;
				INFOPLIST_KEY_UISupportedInterfaceOrientations_iPad = "UIInterfaceOrientationPortrait UIInterfaceOrientationPortraitUpsideDown UIInterfaceOrientationLandscapeLeft UIInterfaceOrientationLandscapeRight";
				INFOPLIST_KEY_UISupportedInterfaceOrientations_iPhone = "UIInterfaceOrientationPortrait UIInterfaceOrientationLandscapeLeft UIInterfaceOrientationLandscapeRight";
				LD_RUNPATH_SEARCH_PATHS = (
					"$(inherited)",
					"@executable_path/Frameworks",
				);
				MARKETING_VERSION = 1.0;
				PRODUCT_BUNDLE_IDENTIFIER = net.mhkang.SeSAC2Week1617;
				PRODUCT_NAME = "$(TARGET_NAME)";
				SWIFT_EMIT_LOC_STRINGS = YES;
				SWIFT_VERSION = 5.0;
				TARGETED_DEVICE_FAMILY = "1,2";
			};
			name = Release;
		};
/* End XCBuildConfiguration section */

/* Begin XCConfigurationList section */
		0EAF0EBB28FE2DC200DD41EA /* Build configuration list for PBXProject "SeSAC2Week1617" */ = {
			isa = XCConfigurationList;
			buildConfigurations = (
				0EAF0ED228FE2DC400DD41EA /* Debug */,
				0EAF0ED328FE2DC400DD41EA /* Release */,
			);
			defaultConfigurationIsVisible = 0;
			defaultConfigurationName = Release;
		};
		0EAF0ED428FE2DC400DD41EA /* Build configuration list for PBXNativeTarget "SeSAC2Week1617" */ = {
			isa = XCConfigurationList;
			buildConfigurations = (
				0EAF0ED528FE2DC400DD41EA /* Debug */,
				0EAF0ED628FE2DC400DD41EA /* Release */,
			);
			defaultConfigurationIsVisible = 0;
			defaultConfigurationName = Release;
		};
/* End XCConfigurationList section */

/* Begin XCRemoteSwiftPackageReference section */
		0E3C30902910A7D6007E0C3A /* XCRemoteSwiftPackageReference "RxDataSources" */ = {
			isa = XCRemoteSwiftPackageReference;
			repositoryURL = "https://github.com/RxSwiftCommunity/RxDataSources.git";
			requirement = {
				kind = upToNextMajorVersion;
				minimumVersion = 5.0.0;
			};
		};
		0E75B5502900F10500F40F7A /* XCRemoteSwiftPackageReference "Alamofire" */ = {
			isa = XCRemoteSwiftPackageReference;
			repositoryURL = "https://github.com/Alamofire/Alamofire.git";
			requirement = {
				kind = upToNextMajorVersion;
				minimumVersion = 5.0.0;
			};
		};
		0E75B5532900F12000F40F7A /* XCRemoteSwiftPackageReference "Kingfisher" */ = {
			isa = XCRemoteSwiftPackageReference;
			repositoryURL = "https://github.com/onevcat/Kingfisher.git";
			requirement = {
				kind = upToNextMajorVersion;
				minimumVersion = 7.0.0;
			};
		};
		0EC7E6E3290622FF00DFE2DF /* XCRemoteSwiftPackageReference "RxSwift" */ = {
			isa = XCRemoteSwiftPackageReference;
			repositoryURL = "https://github.com/ReactiveX/RxSwift.git";
			requirement = {
				kind = upToNextMajorVersion;
				minimumVersion = 6.0.0;
			};
		};
/* End XCRemoteSwiftPackageReference section */

/* Begin XCSwiftPackageProductDependency section */
		0E3C30912910A7D6007E0C3A /* Differentiator */ = {
			isa = XCSwiftPackageProductDependency;
			package = 0E3C30902910A7D6007E0C3A /* XCRemoteSwiftPackageReference "RxDataSources" */;
			productName = Differentiator;
		};
		0E3C30932910A7D6007E0C3A /* RxDataSources */ = {
			isa = XCSwiftPackageProductDependency;
			package = 0E3C30902910A7D6007E0C3A /* XCRemoteSwiftPackageReference "RxDataSources" */;
			productName = RxDataSources;
		};
		0E75B5512900F10500F40F7A /* Alamofire */ = {
			isa = XCSwiftPackageProductDependency;
			package = 0E75B5502900F10500F40F7A /* XCRemoteSwiftPackageReference "Alamofire" */;
			productName = Alamofire;
		};
		0E75B5542900F12000F40F7A /* Kingfisher */ = {
			isa = XCSwiftPackageProductDependency;
			package = 0E75B5532900F12000F40F7A /* XCRemoteSwiftPackageReference "Kingfisher" */;
			productName = Kingfisher;
		};
		0EC7E6E4290622FF00DFE2DF /* RxCocoa */ = {
			isa = XCSwiftPackageProductDependency;
			package = 0EC7E6E3290622FF00DFE2DF /* XCRemoteSwiftPackageReference "RxSwift" */;
			productName = RxCocoa;
		};
		0EC7E6E6290622FF00DFE2DF /* RxSwift */ = {
			isa = XCSwiftPackageProductDependency;
			package = 0EC7E6E3290622FF00DFE2DF /* XCRemoteSwiftPackageReference "RxSwift" */;
			productName = RxSwift;
		};
/* End XCSwiftPackageProductDependency section */
	};
	rootObject = 0EAF0EB828FE2DC200DD41EA /* Project object */;
}
